{
  "name": "ch09-5",
  "version": "1.0.0",
  "lockfileVersion": 3,
  "requires": true,
  "packages": {
    "": {
      "name": "ch09-5",
      "version": "1.0.0",
      "license": "ISC",
      "dependencies": {
        "@types/ramda": "^0.29.12",
        "ramda": "^0.30.0"
      }
    },
    "node_modules/@types/ramda": {
      "version": "0.29.12",
      "resolved": "https://registry.npmjs.org/@types/ramda/-/ramda-0.29.12.tgz",
      "integrity": "sha512-sgIEjpJhdQPB52gDF4aphs9nl0xe54CR22DPdWqT8gQHjZYmVApgA0R3/CpMbl0Y8az2TEZrPNL2zy0EvjbkLA==",
      "dependencies": {
        "types-ramda": "^0.29.10"
      }
    },
    "node_modules/ramda": {
      "version": "0.30.0",
      "resolved": "https://registry.npmjs.org/ramda/-/ramda-0.30.0.tgz",
      "integrity": "sha512-13Y0iMhIQuAm/wNGBL/9HEqIfRGmNmjKnTPlKWfA9f7dnDkr8d45wQ+S7+ZLh/Pq9PdcGxkqKUEA7ySu1QSd9Q==",
      "funding": {
        "type": "opencollective",
        "url": "https://opencollective.com/ramda"
      }
    },
    "node_modules/ts-toolbelt": {
      "version": "9.6.0",
      "resolved": "https://registry.npmjs.org/ts-toolbelt/-/ts-toolbelt-9.6.0.tgz",
      "integrity": "sha512-nsZd8ZeNUzukXPlJmTBwUAuABDe/9qtVDelJeT/qW0ow3ZS3BsQJtNkan1802aM9Uf68/Y8ljw86Hu0h5IUW3w=="
    },
    "node_modules/types-ramda": {
      "version": "0.29.10",
      "resolved": "https://registry.npmjs.org/types-ramda/-/types-ramda-0.29.10.tgz",
      "integrity": "sha512-5PJiW/eiTPyXXBYGZOYGezMl6qj7keBiZheRwfjJZY26QPHsNrjfJnz0mru6oeqqoTHOni893Jfd6zyUXfQRWg==",
      "dependencies": {
        "ts-toolbelt": "^9.6.0"
      }
    }
  }
}
