{
  "name": "ch02-2",
  "version": "1.0.0",
  "lockfileVersion": 3,
  "requires": true,
  "packages": {
    "": {
      "name": "ch02-2",
      "version": "1.0.0",
      "license": "ISC",
      "dependencies": {
        "chance": "^1.1.11",
        "ramda": "^0.29.1"
      },
      "devDependencies": {
        "@types/chance": "^1.1.6",
        "@types/node": "^20.12.5",
        "@types/ramda": "^0.29.12"
      }
    },
    "node_modules/@types/chance": {
      "version": "1.1.6",
      "resolved": "https://registry.npmjs.org/@types/chance/-/chance-1.1.6.tgz",
      "integrity": "sha512-V+pm3stv1Mvz8fSKJJod6CglNGVqEQ6OyuqitoDkWywEODM/eJd1eSuIp9xt6DrX8BWZ2eDSIzbw1tPCUTvGbQ==",
      "dev": true
    },
    "node_modules/@types/node": {
      "version": "20.12.5",
      "resolved": "https://registry.npmjs.org/@types/node/-/node-20.12.5.tgz",
      "integrity": "sha512-BD+BjQ9LS/D8ST9p5uqBxghlN+S42iuNxjsUGjeZobe/ciXzk2qb1B6IXc6AnRLS+yFJRpN2IPEHMzwspfDJNw==",
      "dev": true,
      "dependencies": {
        "undici-types": "~5.26.4"
      }
    },
    "node_modules/@types/ramda": {
      "version": "0.29.12",
      "resolved": "https://registry.npmjs.org/@types/ramda/-/ramda-0.29.12.tgz",
      "integrity": "sha512-sgIEjpJhdQPB52gDF4aphs9nl0xe54CR22DPdWqT8gQHjZYmVApgA0R3/CpMbl0Y8az2TEZrPNL2zy0EvjbkLA==",
      "dev": true,
      "dependencies": {
        "types-ramda": "^0.29.10"
      }
    },
    "node_modules/chance": {
      "version": "1.1.11",
      "resolved": "https://registry.npmjs.org/chance/-/chance-1.1.11.tgz",
      "integrity": "sha512-kqTg3WWywappJPqtgrdvbA380VoXO2eu9VCV895JgbyHsaErXdyHK9LOZ911OvAk6L0obK7kDk9CGs8+oBawVA=="
    },
    "node_modules/ramda": {
      "version": "0.29.1",
      "resolved": "https://registry.npmjs.org/ramda/-/ramda-0.29.1.tgz",
      "integrity": "sha512-OfxIeWzd4xdUNxlWhgFazxsA/nl3mS4/jGZI5n00uWOoSSFRhC1b6gl6xvmzUamgmqELraWp0J/qqVlXYPDPyA==",
      "funding": {
        "type": "opencollective",
        "url": "https://opencollective.com/ramda"
      }
    },
    "node_modules/ts-toolbelt": {
      "version": "9.6.0",
      "resolved": "https://registry.npmjs.org/ts-toolbelt/-/ts-toolbelt-9.6.0.tgz",
      "integrity": "sha512-nsZd8ZeNUzukXPlJmTBwUAuABDe/9qtVDelJeT/qW0ow3ZS3BsQJtNkan1802aM9Uf68/Y8ljw86Hu0h5IUW3w==",
      "dev": true
    },
    "node_modules/types-ramda": {
      "version": "0.29.10",
      "resolved": "https://registry.npmjs.org/types-ramda/-/types-ramda-0.29.10.tgz",
      "integrity": "sha512-5PJiW/eiTPyXXBYGZOYGezMl6qj7keBiZheRwfjJZY26QPHsNrjfJnz0mru6oeqqoTHOni893Jfd6zyUXfQRWg==",
      "dev": true,
      "dependencies": {
        "ts-toolbelt": "^9.6.0"
      }
    },
    "node_modules/undici-types": {
      "version": "5.26.5",
      "resolved": "https://registry.npmjs.org/undici-types/-/undici-types-5.26.5.tgz",
      "integrity": "sha512-JlCMO+ehdEIKqlFxk6IfVoAUVmgz7cU7zD/h9XZ0qzeosSHmUJVOzSQvvYSYWXkFXC+IfLKSIffhv0sVZup6pA==",
      "dev": true
    }
  }
}
